
Microsoft Visual Studio Solution File, Format Version 12.00
# Visual Studio Version 17
VisualStudioVersion = 17.4.33213.308
MinimumVisualStudioVersion = 10.0.40219.1
Project("{FAE04EC0-301F-11D3-BF4B-00C04F79EFBC}") = "SquareProject.Server", "SquareProject\Server\SquareProject.Server.csproj", "{191571C2-1F10-421E-940A-850CE4D74CB4}"
EndProject
Project("{FAE04EC0-301F-11D3-BF4B-00C04F79EFBC}") = "SquareProject.Client", "SquareProject\Client\SquareProject.Client.csproj", "{6F0B47F3-612B-4974-87AB-6B1720ADB75C}"
EndProject
Project("{FAE04EC0-301F-11D3-BF4B-00C04F79EFBC}") = "SquareProject.Shared", "SquareProject\Shared\SquareProject.Shared.csproj", "{14756434-0241-4C3F-89C1-0CB8A36BFCC5}"
EndProject
Global
	GlobalSection(SolutionConfigurationPlatforms) = preSolution
		Debug|Any CPU = Debug|Any CPU
		Release|Any CPU = Release|Any CPU
	EndGlobalSection
	GlobalSection(ProjectConfigurationPlatforms) = postSolution
		{191571C2-1F10-421E-940A-850CE4D74CB4}.Debug|Any CPU.ActiveCfg = Debug|Any CPU
		{191571C2-1F10-421E-940A-850CE4D74CB4}.Debug|Any CPU.Build.0 = Debug|Any CPU
		{191571C2-1F10-421E-940A-850CE4D74CB4}.Release|Any CPU.ActiveCfg = Release|Any CPU
		{191571C2-1F10-421E-940A-850CE4D74CB4}.Release|Any CPU.Build.0 = Release|Any CPU
		{6F0B47F3-612B-4974-87AB-6B1720ADB75C}.Debug|Any CPU.ActiveCfg = Debug|Any CPU
		{6F0B47F3-612B-4974-87AB-6B1720ADB75C}.Debug|Any CPU.Build.0 = Debug|Any CPU
		{6F0B47F3-612B-4974-87AB-6B1720ADB75C}.Release|Any CPU.ActiveCfg = Release|Any CPU
		{6F0B47F3-612B-4974-87AB-6B1720ADB75C}.Release|Any CPU.Build.0 = Release|Any CPU
		{14756434-0241-4C3F-89C1-0CB8A36BFCC5}.Debug|Any CPU.ActiveCfg = Debug|Any CPU
		{14756434-0241-4C3F-89C1-0CB8A36BFCC5}.Debug|Any CPU.Build.0 = Debug|Any CPU
		{14756434-0241-4C3F-89C1-0CB8A36BFCC5}.Release|Any CPU.ActiveCfg = Release|Any CPU
		{14756434-0241-4C3F-89C1-0CB8A36BFCC5}.Release|Any CPU.Build.0 = Release|Any CPU
	EndGlobalSection
	GlobalSection(SolutionProperties) = preSolution
		HideSolutionNode = FALSE
	EndGlobalSection
	GlobalSection(ExtensibilityGlobals) = postSolution
		SolutionGuid = {D6D47A7A-6E85-428B-B3C2-5B48E3194629}
	EndGlobalSection
EndGlobal
